{
  "requires": true,
  "lockfileVersion": 1,
  "dependencies": {
    "react-images-uploading": {
      "version": "3.1.2",
      "resolved": "https://registry.npmjs.org/react-images-uploading/-/react-images-uploading-3.1.2.tgz",
      "integrity": "sha512-Yy7r+I/f1gPM1qN95uvAoHOTGMG23Bu4kgXQLJoS7rnAQ/InpI3y6U0S0QMMCX+85c1JNdNZl4Bn/Z4ge39emQ=="
    }
  }
}
